{
  "requires": true,
  "lockfileVersion": 1,
  "dependencies": {
    "typescript": {
      "version": "4.2.0-dev.20201119",
      "resolved": "https://registry.npmjs.org/typescript/-/typescript-4.2.0-dev.20201119.tgz",
      "integrity": "sha512-HIgv+D/0VpVYRTbcVVf9oac/0GtLKMqaufTcPgohNaFWlCOh4lq8syefANgENXTG5Q4VEC6xwDGzHW6EJAVr3A==",
      "dev": true
    }
  }
}
