
Microsoft Visual Studio Solution File, Format Version 12.00
# Visual Studio Version 16
VisualStudioVersion = 16.0.30621.155
MinimumVisualStudioVersion = 10.0.40219.1
Project("{9A19103F-16F7-4668-BE54-9A1E7A4F7556}") = "SignUp", "SignUp.csproj", "{45DF7D31-10F0-44F2-AF90-02790903157A}"
EndProject
Project("{9A19103F-16F7-4668-BE54-9A1E7A4F7556}") = "DCoreyDuke.CodeBase", "..\..\DCoreyDuke.CodeBase\DCoreyDuke.CodeBase.csproj", "{DF5196C7-99E9-44D8-A4ED-A1E213309FFF}"
EndProject
Project("{2150E333-8FDC-42A3-9474-1A3956D46DE8}") = "Docs", "Docs", "{7F649EE2-C6CD-4A3C-905B-9B546FA19D28}"
EndProject
Global
	GlobalSection(SolutionConfigurationPlatforms) = preSolution
		Debug|Any CPU = Debug|Any CPU
		Release|Any CPU = Release|Any CPU
	EndGlobalSection
	GlobalSection(ProjectConfigurationPlatforms) = postSolution
		{45DF7D31-10F0-44F2-AF90-02790903157A}.Debug|Any CPU.ActiveCfg = Debug|Any CPU
		{45DF7D31-10F0-44F2-AF90-02790903157A}.Debug|Any CPU.Build.0 = Debug|Any CPU
		{45DF7D31-10F0-44F2-AF90-02790903157A}.Release|Any CPU.ActiveCfg = Release|Any CPU
		{45DF7D31-10F0-44F2-AF90-02790903157A}.Release|Any CPU.Build.0 = Release|Any CPU
		{DF5196C7-99E9-44D8-A4ED-A1E213309FFF}.Debug|Any CPU.ActiveCfg = Debug|Any CPU
		{DF5196C7-99E9-44D8-A4ED-A1E213309FFF}.Debug|Any CPU.Build.0 = Debug|Any CPU
		{DF5196C7-99E9-44D8-A4ED-A1E213309FFF}.Release|Any CPU.ActiveCfg = Release|Any CPU
		{DF5196C7-99E9-44D8-A4ED-A1E213309FFF}.Release|Any CPU.Build.0 = Release|Any CPU
	EndGlobalSection
	GlobalSection(SolutionProperties) = preSolution
		HideSolutionNode = FALSE
	EndGlobalSection
	GlobalSection(ExtensibilityGlobals) = postSolution
		SolutionGuid = {D5FC24B4-E6B4-49AE-B57B-DEC50275F78C}
	EndGlobalSection
EndGlobal
